
Microsoft Visual Studio Solution File, Format Version 12.00
# Visual Studio 14
VisualStudioVersion = 14.0.25123.0
MinimumVisualStudioVersion = 10.0.40219.1
Project("{FAE04EC0-301F-11D3-BF4B-00C04F79EFBC}") = "LM", "LM.csproj", "{A9FC259E-0FC4-43F0-815C-0CB1CDD96B4B}"
EndProject
Project("{FAE04EC0-301F-11D3-BF4B-00C04F79EFBC}") = "LM.Portal", "..\LM.Portal\LM.Portal.csproj", "{5A5FEE6C-24CD-4E7E-A66A-CF158CA86842}"
EndProject
Global
	GlobalSection(SolutionConfigurationPlatforms) = preSolution
		Debug|Any CPU = Debug|Any CPU
		Release|Any CPU = Release|Any CPU
	EndGlobalSection
	GlobalSection(ProjectConfigurationPlatforms) = postSolution
		{A9FC259E-0FC4-43F0-815C-0CB1CDD96B4B}.Debug|Any CPU.ActiveCfg = Debug|Any CPU
		{A9FC259E-0FC4-43F0-815C-0CB1CDD96B4B}.Debug|Any CPU.Build.0 = Debug|Any CPU
		{A9FC259E-0FC4-43F0-815C-0CB1CDD96B4B}.Release|Any CPU.ActiveCfg = Release|Any CPU
		{A9FC259E-0FC4-43F0-815C-0CB1CDD96B4B}.Release|Any CPU.Build.0 = Release|Any CPU
		{5A5FEE6C-24CD-4E7E-A66A-CF158CA86842}.Debug|Any CPU.ActiveCfg = Debug|Any CPU
		{5A5FEE6C-24CD-4E7E-A66A-CF158CA86842}.Debug|Any CPU.Build.0 = Debug|Any CPU
		{5A5FEE6C-24CD-4E7E-A66A-CF158CA86842}.Release|Any CPU.ActiveCfg = Release|Any CPU
		{5A5FEE6C-24CD-4E7E-A66A-CF158CA86842}.Release|Any CPU.Build.0 = Release|Any CPU
	EndGlobalSection
	GlobalSection(SolutionProperties) = preSolution
		HideSolutionNode = FALSE
	EndGlobalSection
EndGlobal
